
Microsoft Visual Studio Solution File, Format Version 12.00
# Visual Studio 2012
Project("{FAE04EC0-301F-11D3-BF4B-00C04F79EFBC}") = "DigitalRoot", "DigitalRoot.csproj", "{93BDBB69-7CD8-4F1C-A398-1C907D475813}"
EndProject
Global
	GlobalSection(SolutionConfigurationPlatforms) = preSolution
		Debug|Any CPU = Debug|Any CPU
		Release|Any CPU = Release|Any CPU
	EndGlobalSection
	GlobalSection(ProjectConfigurationPlatforms) = postSolution
		{93BDBB69-7CD8-4F1C-A398-1C907D475813}.Debug|Any CPU.ActiveCfg = Debug|Any CPU
		{93BDBB69-7CD8-4F1C-A398-1C907D475813}.Debug|Any CPU.Build.0 = Debug|Any CPU
		{93BDBB69-7CD8-4F1C-A398-1C907D475813}.Release|Any CPU.ActiveCfg = Release|Any CPU
		{93BDBB69-7CD8-4F1C-A398-1C907D475813}.Release|Any CPU.Build.0 = Release|Any CPU
	EndGlobalSection
	GlobalSection(SolutionProperties) = preSolution
		HideSolutionNode = FALSE
	EndGlobalSection
EndGlobal
